// !$*UTF8*$!
{
	archiveVersion = 1;
	classes = {
	};
	objectVersion = 77;
	objects = {

/* Begin PBXBuildFile section */
		9ED963052D52ED86008E82B9 /* LoginViewController.swift in Sources */ = {isa = PBXBuildFile; fileRef = 9ED963032D52ED86008E82B9 /* LoginViewController.swift */; };
		9ED963062D52ED86008E82B9 /* NumberViewController.swift in Sources */ = {isa = PBXBuildFile; fileRef = 9ED963042D52ED86008E82B9 /* NumberViewController.swift */; };
		9ED963082D52FF81008E82B9 /* NumberViewModel.swift in Sources */ = {isa = PBXBuildFile; fileRef = 9ED963072D52FF81008E82B9 /* NumberViewModel.swift */; };
		9ED9630C2D5310F6008E82B9 /* LoginViewModel.swift in Sources */ = {isa = PBXBuildFile; fileRef = 9ED9630B2D5310F6008E82B9 /* LoginViewModel.swift */; };
		9ED9630E2D533216008E82B9 /* PersonViewController.swift in Sources */ = {isa = PBXBuildFile; fileRef = 9ED9630D2D533216008E82B9 /* PersonViewController.swift */; };
		9ED963112D533767008E82B9 /* PersonViewModel.swift in Sources */ = {isa = PBXBuildFile; fileRef = 9ED963102D533767008E82B9 /* PersonViewModel.swift */; };
		9EFEEFDC2D504C820028E0E3 /* Assets.xcassets in Resources */ = {isa = PBXBuildFile; fileRef = 9EFEEFD52D504C820028E0E3 /* Assets.xcassets */; };
		9EFEEFDE2D504C820028E0E3 /* LaunchScreen.storyboard in Resources */ = {isa = PBXBuildFile; fileRef = 9EFEEFD82D504C820028E0E3 /* LaunchScreen.storyboard */; };
		9EFEEFDF2D504C820028E0E3 /* AppDelegate.swift in Sources */ = {isa = PBXBuildFile; fileRef = 9EFEEFD42D504C820028E0E3 /* AppDelegate.swift */; };
		9EFEEFE02D504C820028E0E3 /* SceneDelegate.swift in Sources */ = {isa = PBXBuildFile; fileRef = 9EFEEFD92D504C820028E0E3 /* SceneDelegate.swift */; };
		9EFEEFE12D504C820028E0E3 /* ViewController.swift in Sources */ = {isa = PBXBuildFile; fileRef = 9EFEEFDA2D504C820028E0E3 /* ViewController.swift */; };
		9EFEEFE52D5068F60028E0E3 /* SnapKit in Frameworks */ = {isa = PBXBuildFile; productRef = 9EFEEFE42D5068F60028E0E3 /* SnapKit */; };
		9EFEEFE72D508F710028E0E3 /* NetworkManager.swift in Sources */ = {isa = PBXBuildFile; fileRef = 9EFEEFE62D508F710028E0E3 /* NetworkManager.swift */; };
		9EFEEFEA2D508F950028E0E3 /* Alamofire in Frameworks */ = {isa = PBXBuildFile; productRef = 9EFEEFE92D508F950028E0E3 /* Alamofire */; };
		9EFEF0922D519AE90028E0E3 /* ImagePickerViewController.swift in Sources */ = {isa = PBXBuildFile; fileRef = 9EFEF0912D519AE90028E0E3 /* ImagePickerViewController.swift */; };
		9EFEF0942D51AD430028E0E3 /* BasicPHPickerViewController.swift in Sources */ = {isa = PBXBuildFile; fileRef = 9EFEF0932D51AD430028E0E3 /* BasicPHPickerViewController.swift */; };
		9EFEF0992D51BB8C0028E0E3 /* Observable.swift in Sources */ = {isa = PBXBuildFile; fileRef = 9EFEF0982D51BB8C0028E0E3 /* Observable.swift */; };
/* End PBXBuildFile section */

/* Begin PBXFileReference section */
		9ED963032D52ED86008E82B9 /* LoginViewController.swift */ = {isa = PBXFileReference; lastKnownFileType = sourcecode.swift; path = LoginViewController.swift; sourceTree = "<group>"; };
		9ED963042D52ED86008E82B9 /* NumberViewController.swift */ = {isa = PBXFileReference; lastKnownFileType = sourcecode.swift; path = NumberViewController.swift; sourceTree = "<group>"; };
		9ED963072D52FF81008E82B9 /* NumberViewModel.swift */ = {isa = PBXFileReference; lastKnownFileType = sourcecode.swift; path = NumberViewModel.swift; sourceTree = "<group>"; };
		9ED9630B2D5310F6008E82B9 /* LoginViewModel.swift */ = {isa = PBXFileReference; lastKnownFileType = sourcecode.swift; path = LoginViewModel.swift; sourceTree = "<group>"; };
		9ED9630D2D533216008E82B9 /* PersonViewController.swift */ = {isa = PBXFileReference; lastKnownFileType = sourcecode.swift; path = PersonViewController.swift; sourceTree = "<group>"; };
		9ED963102D533767008E82B9 /* PersonViewModel.swift */ = {isa = PBXFileReference; lastKnownFileType = sourcecode.swift; path = PersonViewModel.swift; sourceTree = "<group>"; };
		9EFEEFBC2D504C680028E0E3 /* SeventhWeek_SeSAC.app */ = {isa = PBXFileReference; explicitFileType = wrapper.application; includeInIndex = 0; path = SeventhWeek_SeSAC.app; sourceTree = BUILT_PRODUCTS_DIR; };
		9EFEEFD42D504C820028E0E3 /* AppDelegate.swift */ = {isa = PBXFileReference; lastKnownFileType = sourcecode.swift; path = AppDelegate.swift; sourceTree = "<group>"; };
		9EFEEFD52D504C820028E0E3 /* Assets.xcassets */ = {isa = PBXFileReference; lastKnownFileType = folder.assetcatalog; path = Assets.xcassets; sourceTree = "<group>"; };
		9EFEEFD62D504C820028E0E3 /* Info.plist */ = {isa = PBXFileReference; lastKnownFileType = text.plist.xml; path = Info.plist; sourceTree = "<group>"; };
		9EFEEFD72D504C820028E0E3 /* Base */ = {isa = PBXFileReference; lastKnownFileType = file.storyboard; name = Base; path = Base.lproj/LaunchScreen.storyboard; sourceTree = "<group>"; };
		9EFEEFD92D504C820028E0E3 /* SceneDelegate.swift */ = {isa = PBXFileReference; lastKnownFileType = sourcecode.swift; path = SceneDelegate.swift; sourceTree = "<group>"; };
		9EFEEFDA2D504C820028E0E3 /* ViewController.swift */ = {isa = PBXFileReference; lastKnownFileType = sourcecode.swift; path = ViewController.swift; sourceTree = "<group>"; };
		9EFEEFE62D508F710028E0E3 /* NetworkManager.swift */ = {isa = PBXFileReference; lastKnownFileType = sourcecode.swift; path = NetworkManager.swift; sourceTree = "<group>"; };
		9EFEF0912D519AE90028E0E3 /* ImagePickerViewController.swift */ = {isa = PBXFileReference; lastKnownFileType = sourcecode.swift; path = ImagePickerViewController.swift; sourceTree = "<group>"; };
		9EFEF0932D51AD430028E0E3 /* BasicPHPickerViewController.swift */ = {isa = PBXFileReference; lastKnownFileType = sourcecode.swift; path = BasicPHPickerViewController.swift; sourceTree = "<group>"; };
		9EFEF0982D51BB8C0028E0E3 /* Observable.swift */ = {isa = PBXFileReference; lastKnownFileType = sourcecode.swift; path = Observable.swift; sourceTree = "<group>"; };
/* End PBXFileReference section */

/* Begin PBXFrameworksBuildPhase section */
		9EFEEFB92D504C680028E0E3 /* Frameworks */ = {
			isa = PBXFrameworksBuildPhase;
			buildActionMask = 2147483647;
			files = (
				9EFEEFE52D5068F60028E0E3 /* SnapKit in Frameworks */,
				9EFEEFEA2D508F950028E0E3 /* Alamofire in Frameworks */,
			);
			runOnlyForDeploymentPostprocessing = 0;
		};
/* End PBXFrameworksBuildPhase section */

/* Begin PBXGroup section */
		9ED963092D52FF87008E82B9 /* Number */ = {
			isa = PBXGroup;
			children = (
				9ED963072D52FF81008E82B9 /* NumberViewModel.swift */,
				9ED963042D52ED86008E82B9 /* NumberViewController.swift */,
			);
			path = Number;
			sourceTree = "<group>";
		};
		9ED9630A2D530FEB008E82B9 /* Login */ = {
			isa = PBXGroup;
			children = (
				9ED9630B2D5310F6008E82B9 /* LoginViewModel.swift */,
				9ED963032D52ED86008E82B9 /* LoginViewController.swift */,
			);
			path = Login;
			sourceTree = "<group>";
		};
		9ED9630F2D53322E008E82B9 /* Person */ = {
			isa = PBXGroup;
			children = (
				9ED963102D533767008E82B9 /* PersonViewModel.swift */,
				9ED9630D2D533216008E82B9 /* PersonViewController.swift */,
			);
			path = Person;
			sourceTree = "<group>";
		};
		9EFEEFB32D504C680028E0E3 = {
			isa = PBXGroup;
			children = (
				9EFEEFDB2D504C820028E0E3 /* SeventhWeek_SeSAC */,
				9EFEEFBD2D504C680028E0E3 /* Products */,
			);
			sourceTree = "<group>";
		};
		9EFEEFBD2D504C680028E0E3 /* Products */ = {
			isa = PBXGroup;
			children = (
				9EFEEFBC2D504C680028E0E3 /* SeventhWeek_SeSAC.app */,
			);
			name = Products;
			sourceTree = "<group>";
		};
		9EFEEFDB2D504C820028E0E3 /* SeventhWeek_SeSAC */ = {
			isa = PBXGroup;
			children = (
				9EFEEFD62D504C820028E0E3 /* Info.plist */,
				9EFEEFD52D504C820028E0E3 /* Assets.xcassets */,
				9EFEEFDA2D504C820028E0E3 /* ViewController.swift */,
				9EFEEFE62D508F710028E0E3 /* NetworkManager.swift */,
				9EFEEFE22D504C890028E0E3 /* Application */,
				9EFEF0902D519ACE0028E0E3 /* Photo */,
				9EFEF0952D51BA630028E0E3 /* MVVMBasic */,
			);
			path = SeventhWeek_SeSAC;
			sourceTree = "<group>";
		};
		9EFEEFE22D504C890028E0E3 /* Application */ = {
			isa = PBXGroup;
			children = (
				9EFEEFD42D504C820028E0E3 /* AppDelegate.swift */,
				9EFEEFD92D504C820028E0E3 /* SceneDelegate.swift */,
				9EFEEFD82D504C820028E0E3 /* LaunchScreen.storyboard */,
			);
			path = Application;
			sourceTree = "<group>";
		};
		9EFEF0902D519ACE0028E0E3 /* Photo */ = {
			isa = PBXGroup;
			children = (
				9EFEF0912D519AE90028E0E3 /* ImagePickerViewController.swift */,
				9EFEF0932D51AD430028E0E3 /* BasicPHPickerViewController.swift */,
			);
			path = Photo;
			sourceTree = "<group>";
		};
		9EFEF0952D51BA630028E0E3 /* MVVMBasic */ = {
			isa = PBXGroup;
			children = (
				9EFEF0982D51BB8C0028E0E3 /* Observable.swift */,
				9ED963092D52FF87008E82B9 /* Number */,
				9ED9630A2D530FEB008E82B9 /* Login */,
				9ED9630F2D53322E008E82B9 /* Person */,
			);
			path = MVVMBasic;
			sourceTree = "<group>";
		};
/* End PBXGroup section */

/* Begin PBXNativeTarget section */
		9EFEEFBB2D504C680028E0E3 /* SeventhWeek_SeSAC */ = {
			isa = PBXNativeTarget;
			buildConfigurationList = 9EFEEFCF2D504C6A0028E0E3 /* Build configuration list for PBXNativeTarget "SeventhWeek_SeSAC" */;
			buildPhases = (
				9EFEEFB82D504C680028E0E3 /* Sources */,
				9EFEEFB92D504C680028E0E3 /* Frameworks */,
				9EFEEFBA2D504C680028E0E3 /* Resources */,
			);
			buildRules = (
			);
			dependencies = (
			);
			name = SeventhWeek_SeSAC;
			packageProductDependencies = (
				9EFEEFE42D5068F60028E0E3 /* SnapKit */,
				9EFEEFE92D508F950028E0E3 /* Alamofire */,
			);
			productName = SeventhWeek_SeSAC;
			productReference = 9EFEEFBC2D504C680028E0E3 /* SeventhWeek_SeSAC.app */;
			productType = "com.apple.product-type.application";
		};
/* End PBXNativeTarget section */

/* Begin PBXProject section */
		9EFEEFB42D504C680028E0E3 /* Project object */ = {
			isa = PBXProject;
			attributes = {
				BuildIndependentTargetsInParallel = 1;
				LastSwiftUpdateCheck = 1610;
				LastUpgradeCheck = 1610;
				TargetAttributes = {
					9EFEEFBB2D504C680028E0E3 = {
						CreatedOnToolsVersion = 16.1;
					};
				};
			};
			buildConfigurationList = 9EFEEFB72D504C680028E0E3 /* Build configuration list for PBXProject "SeventhWeek_SeSAC" */;
			developmentRegion = en;
			hasScannedForEncodings = 0;
			knownRegions = (
				en,
				Base,
			);
			mainGroup = 9EFEEFB32D504C680028E0E3;
			minimizedProjectReferenceProxies = 1;
			packageReferences = (
				9EFEEFE32D5068F60028E0E3 /* XCRemoteSwiftPackageReference "SnapKit" */,
				9EFEEFE82D508F950028E0E3 /* XCRemoteSwiftPackageReference "Alamofire" */,
			);
			preferredProjectObjectVersion = 77;
			productRefGroup = 9EFEEFBD2D504C680028E0E3 /* Products */;
			projectDirPath = "";
			projectRoot = "";
			targets = (
				9EFEEFBB2D504C680028E0E3 /* SeventhWeek_SeSAC */,
			);
		};
/* End PBXProject section */

/* Begin PBXResourcesBuildPhase section */
		9EFEEFBA2D504C680028E0E3 /* Resources */ = {
			isa = PBXResourcesBuildPhase;
			buildActionMask = 2147483647;
			files = (
				9EFEEFDC2D504C820028E0E3 /* Assets.xcassets in Resources */,
				9EFEEFDE2D504C820028E0E3 /* LaunchScreen.storyboard in Resources */,
			);
			runOnlyForDeploymentPostprocessing = 0;
		};
/* End PBXResourcesBuildPhase section */

/* Begin PBXSourcesBuildPhase section */
		9EFEEFB82D504C680028E0E3 /* Sources */ = {
			isa = PBXSourcesBuildPhase;
			buildActionMask = 2147483647;
			files = (
				9EFEF0992D51BB8C0028E0E3 /* Observable.swift in Sources */,
				9ED963052D52ED86008E82B9 /* LoginViewController.swift in Sources */,
				9ED9630C2D5310F6008E82B9 /* LoginViewModel.swift in Sources */,
				9ED963062D52ED86008E82B9 /* NumberViewController.swift in Sources */,
				9EFEEFE72D508F710028E0E3 /* NetworkManager.swift in Sources */,
				9EFEF0942D51AD430028E0E3 /* BasicPHPickerViewController.swift in Sources */,
				9EFEF0922D519AE90028E0E3 /* ImagePickerViewController.swift in Sources */,
				9ED9630E2D533216008E82B9 /* PersonViewController.swift in Sources */,
				9ED963112D533767008E82B9 /* PersonViewModel.swift in Sources */,
				9EFEEFDF2D504C820028E0E3 /* AppDelegate.swift in Sources */,
				9EFEEFE02D504C820028E0E3 /* SceneDelegate.swift in Sources */,
				9EFEEFE12D504C820028E0E3 /* ViewController.swift in Sources */,
				9ED963082D52FF81008E82B9 /* NumberViewModel.swift in Sources */,
			);
			runOnlyForDeploymentPostprocessing = 0;
		};
/* End PBXSourcesBuildPhase section */

/* Begin PBXVariantGroup section */
		9EFEEFD82D504C820028E0E3 /* LaunchScreen.storyboard */ = {
			isa = PBXVariantGroup;
			children = (
				9EFEEFD72D504C820028E0E3 /* Base */,
			);
			name = LaunchScreen.storyboard;
			sourceTree = "<group>";
		};
/* End PBXVariantGroup section */

/* Begin XCBuildConfiguration section */
		9EFEEFD02D504C6A0028E0E3 /* Debug */ = {
			isa = XCBuildConfiguration;
			buildSettings = {
				ASSETCATALOG_COMPILER_APPICON_NAME = AppIcon;
				ASSETCATALOG_COMPILER_GLOBAL_ACCENT_COLOR_NAME = AccentColor;
				CODE_SIGN_STYLE = Automatic;
				CURRENT_PROJECT_VERSION = 1;
				DEVELOPMENT_TEAM = A95XXD5WT7;
				GENERATE_INFOPLIST_FILE = YES;
				INFOPLIST_FILE = SeventhWeek_SeSAC/Info.plist;
				INFOPLIST_KEY_NSLocationWhenInUseUsageDescription = "현재 위치 권한을 허용해주세요. 위치를 허용해야 해당 위치의 날씨 정보를 불러올 수 있습니다.";
				INFOPLIST_KEY_UIApplicationSupportsIndirectInputEvents = YES;
				INFOPLIST_KEY_UILaunchStoryboardName = LaunchScreen;
				INFOPLIST_KEY_UIMainStoryboardFile = "";
				INFOPLIST_KEY_UISupportedInterfaceOrientations = UIInterfaceOrientationPortrait;
				INFOPLIST_KEY_UISupportedInterfaceOrientations_iPad = "UIInterfaceOrientationLandscapeLeft UIInterfaceOrientationLandscapeRight UIInterfaceOrientationPortrait UIInterfaceOrientationPortraitUpsideDown";
				IPHONEOS_DEPLOYMENT_TARGET = 18.0;
				LD_RUNPATH_SEARCH_PATHS = (
					"$(inherited)",
					"@executable_path/Frameworks",
				);
				MARKETING_VERSION = 1.0;
				PRODUCT_BUNDLE_IDENTIFIER = "com.psy.SeventhWeek-SeSAC";
				PRODUCT_NAME = "$(TARGET_NAME)";
				SUPPORTED_PLATFORMS = "iphoneos iphonesimulator";
				SUPPORTS_MACCATALYST = NO;
				SUPPORTS_MAC_DESIGNED_FOR_IPHONE_IPAD = NO;
				SUPPORTS_XR_DESIGNED_FOR_IPHONE_IPAD = NO;
				SWIFT_EMIT_LOC_STRINGS = YES;
				SWIFT_VERSION = 5.0;
				TARGETED_DEVICE_FAMILY = 1;
			};
			name = Debug;
		};
		9EFEEFD12D504C6A0028E0E3 /* Release */ = {
			isa = XCBuildConfiguration;
			buildSettings = {
				ASSETCATALOG_COMPILER_APPICON_NAME = AppIcon;
				ASSETCATALOG_COMPILER_GLOBAL_ACCENT_COLOR_NAME = AccentColor;
				CODE_SIGN_STYLE = Automatic;
				CURRENT_PROJECT_VERSION = 1;
				DEVELOPMENT_TEAM = A95XXD5WT7;
				GENERATE_INFOPLIST_FILE = YES;
				INFOPLIST_FILE = SeventhWeek_SeSAC/Info.plist;
				INFOPLIST_KEY_NSLocationWhenInUseUsageDescription = "현재 위치 권한을 허용해주세요. 위치를 허용해야 해당 위치의 날씨 정보를 불러올 수 있습니다.";
				INFOPLIST_KEY_UIApplicationSupportsIndirectInputEvents = YES;
				INFOPLIST_KEY_UILaunchStoryboardName = LaunchScreen;
				INFOPLIST_KEY_UIMainStoryboardFile = "";
				INFOPLIST_KEY_UISupportedInterfaceOrientations = UIInterfaceOrientationPortrait;
				INFOPLIST_KEY_UISupportedInterfaceOrientations_iPad = "UIInterfaceOrientationLandscapeLeft UIInterfaceOrientationLandscapeRight UIInterfaceOrientationPortrait UIInterfaceOrientationPortraitUpsideDown";
				IPHONEOS_DEPLOYMENT_TARGET = 18.0;
				LD_RUNPATH_SEARCH_PATHS = (
					"$(inherited)",
					"@executable_path/Frameworks",
				);
				MARKETING_VERSION = 1.0;
				PRODUCT_BUNDLE_IDENTIFIER = "com.psy.SeventhWeek-SeSAC";
				PRODUCT_NAME = "$(TARGET_NAME)";
				SUPPORTED_PLATFORMS = "iphoneos iphonesimulator";
				SUPPORTS_MACCATALYST = NO;
				SUPPORTS_MAC_DESIGNED_FOR_IPHONE_IPAD = NO;
				SUPPORTS_XR_DESIGNED_FOR_IPHONE_IPAD = NO;
				SWIFT_EMIT_LOC_STRINGS = YES;
				SWIFT_VERSION = 5.0;
				TARGETED_DEVICE_FAMILY = 1;
			};
			name = Release;
		};
		9EFEEFD22D504C6A0028E0E3 /* Debug */ = {
			isa = XCBuildConfiguration;
			buildSettings = {
				ALWAYS_SEARCH_USER_PATHS = NO;
				ASSETCATALOG_COMPILER_GENERATE_SWIFT_ASSET_SYMBOL_EXTENSIONS = YES;
				CLANG_ANALYZER_NONNULL = YES;
				CLANG_ANALYZER_NUMBER_OBJECT_CONVERSION = YES_AGGRESSIVE;
				CLANG_CXX_LANGUAGE_STANDARD = "gnu++20";
				CLANG_ENABLE_MODULES = YES;
				CLANG_ENABLE_OBJC_ARC = YES;
				CLANG_ENABLE_OBJC_WEAK = YES;
				CLANG_WARN_BLOCK_CAPTURE_AUTORELEASING = YES;
				CLANG_WARN_BOOL_CONVERSION = YES;
				CLANG_WARN_COMMA = YES;
				CLANG_WARN_CONSTANT_CONVERSION = YES;
				CLANG_WARN_DEPRECATED_OBJC_IMPLEMENTATIONS = YES;
				CLANG_WARN_DIRECT_OBJC_ISA_USAGE = YES_ERROR;
				CLANG_WARN_DOCUMENTATION_COMMENTS = YES;
				CLANG_WARN_EMPTY_BODY = YES;
				CLANG_WARN_ENUM_CONVERSION = YES;
				CLANG_WARN_INFINITE_RECURSION = YES;
				CLANG_WARN_INT_CONVERSION = YES;
				CLANG_WARN_NON_LITERAL_NULL_CONVERSION = YES;
				CLANG_WARN_OBJC_IMPLICIT_RETAIN_SELF = YES;
				CLANG_WARN_OBJC_LITERAL_CONVERSION = YES;
				CLANG_WARN_OBJC_ROOT_CLASS = YES_ERROR;
				CLANG_WARN_QUOTED_INCLUDE_IN_FRAMEWORK_HEADER = YES;
				CLANG_WARN_RANGE_LOOP_ANALYSIS = YES;
				CLANG_WARN_STRICT_PROTOTYPES = YES;
				CLANG_WARN_SUSPICIOUS_MOVE = YES;
				CLANG_WARN_UNGUARDED_AVAILABILITY = YES_AGGRESSIVE;
				CLANG_WARN_UNREACHABLE_CODE = YES;
				CLANG_WARN__DUPLICATE_METHOD_MATCH = YES;
				COPY_PHASE_STRIP = NO;
				DEBUG_INFORMATION_FORMAT = dwarf;
				ENABLE_STRICT_OBJC_MSGSEND = YES;
				ENABLE_TESTABILITY = YES;
				ENABLE_USER_SCRIPT_SANDBOXING = YES;
				GCC_C_LANGUAGE_STANDARD = gnu17;
				GCC_DYNAMIC_NO_PIC = NO;
				GCC_NO_COMMON_BLOCKS = YES;
				GCC_OPTIMIZATION_LEVEL = 0;
				GCC_PREPROCESSOR_DEFINITIONS = (
					"DEBUG=1",
					"$(inherited)",
				);
				GCC_WARN_64_TO_32_BIT_CONVERSION = YES;
				GCC_WARN_ABOUT_RETURN_TYPE = YES_ERROR;
				GCC_WARN_UNDECLARED_SELECTOR = YES;
				GCC_WARN_UNINITIALIZED_AUTOS = YES_AGGRESSIVE;
				GCC_WARN_UNUSED_FUNCTION = YES;
				GCC_WARN_UNUSED_VARIABLE = YES;
				IPHONEOS_DEPLOYMENT_TARGET = 18.1;
				LOCALIZATION_PREFERS_STRING_CATALOGS = YES;
				MTL_ENABLE_DEBUG_INFO = INCLUDE_SOURCE;
				MTL_FAST_MATH = YES;
				ONLY_ACTIVE_ARCH = YES;
				SDKROOT = iphoneos;
				SWIFT_ACTIVE_COMPILATION_CONDITIONS = "DEBUG $(inherited)";
				SWIFT_OPTIMIZATION_LEVEL = "-Onone";
			};
			name = Debug;
		};
		9EFEEFD32D504C6A0028E0E3 /* Release */ = {
			isa = XCBuildConfiguration;
			buildSettings = {
				ALWAYS_SEARCH_USER_PATHS = NO;
				ASSETCATALOG_COMPILER_GENERATE_SWIFT_ASSET_SYMBOL_EXTENSIONS = YES;
				CLANG_ANALYZER_NONNULL = YES;
				CLANG_ANALYZER_NUMBER_OBJECT_CONVERSION = YES_AGGRESSIVE;
				CLANG_CXX_LANGUAGE_STANDARD = "gnu++20";
				CLANG_ENABLE_MODULES = YES;
				CLANG_ENABLE_OBJC_ARC = YES;
				CLANG_ENABLE_OBJC_WEAK = YES;
				CLANG_WARN_BLOCK_CAPTURE_AUTORELEASING = YES;
				CLANG_WARN_BOOL_CONVERSION = YES;
				CLANG_WARN_COMMA = YES;
				CLANG_WARN_CONSTANT_CONVERSION = YES;
				CLANG_WARN_DEPRECATED_OBJC_IMPLEMENTATIONS = YES;
				CLANG_WARN_DIRECT_OBJC_ISA_USAGE = YES_ERROR;
				CLANG_WARN_DOCUMENTATION_COMMENTS = YES;
				CLANG_WARN_EMPTY_BODY = YES;
				CLANG_WARN_ENUM_CONVERSION = YES;
				CLANG_WARN_INFINITE_RECURSION = YES;
				CLANG_WARN_INT_CONVERSION = YES;
				CLANG_WARN_NON_LITERAL_NULL_CONVERSION = YES;
				CLANG_WARN_OBJC_IMPLICIT_RETAIN_SELF = YES;
				CLANG_WARN_OBJC_LITERAL_CONVERSION = YES;
				CLANG_WARN_OBJC_ROOT_CLASS = YES_ERROR;
				CLANG_WARN_QUOTED_INCLUDE_IN_FRAMEWORK_HEADER = YES;
				CLANG_WARN_RANGE_LOOP_ANALYSIS = YES;
				CLANG_WARN_STRICT_PROTOTYPES = YES;
				CLANG_WARN_SUSPICIOUS_MOVE = YES;
				CLANG_WARN_UNGUARDED_AVAILABILITY = YES_AGGRESSIVE;
				CLANG_WARN_UNREACHABLE_CODE = YES;
				CLANG_WARN__DUPLICATE_METHOD_MATCH = YES;
				COPY_PHASE_STRIP = NO;
				DEBUG_INFORMATION_FORMAT = "dwarf-with-dsym";
				ENABLE_NS_ASSERTIONS = NO;
				ENABLE_STRICT_OBJC_MSGSEND = YES;
				ENABLE_USER_SCRIPT_SANDBOXING = YES;
				GCC_C_LANGUAGE_STANDARD = gnu17;
				GCC_NO_COMMON_BLOCKS = YES;
				GCC_WARN_64_TO_32_BIT_CONVERSION = YES;
				GCC_WARN_ABOUT_RETURN_TYPE = YES_ERROR;
				GCC_WARN_UNDECLARED_SELECTOR = YES;
				GCC_WARN_UNINITIALIZED_AUTOS = YES_AGGRESSIVE;
				GCC_WARN_UNUSED_FUNCTION = YES;
				GCC_WARN_UNUSED_VARIABLE = YES;
				IPHONEOS_DEPLOYMENT_TARGET = 18.1;
				LOCALIZATION_PREFERS_STRING_CATALOGS = YES;
				MTL_ENABLE_DEBUG_INFO = NO;
				MTL_FAST_MATH = YES;
				SDKROOT = iphoneos;
				SWIFT_COMPILATION_MODE = wholemodule;
				VALIDATE_PRODUCT = YES;
			};
			name = Release;
		};
/* End XCBuildConfiguration section */

/* Begin XCConfigurationList section */
		9EFEEFB72D504C680028E0E3 /* Build configuration list for PBXProject "SeventhWeek_SeSAC" */ = {
			isa = XCConfigurationList;
			buildConfigurations = (
				9EFEEFD22D504C6A0028E0E3 /* Debug */,
				9EFEEFD32D504C6A0028E0E3 /* Release */,
			);
			defaultConfigurationIsVisible = 0;
			defaultConfigurationName = Release;
		};
		9EFEEFCF2D504C6A0028E0E3 /* Build configuration list for PBXNativeTarget "SeventhWeek_SeSAC" */ = {
			isa = XCConfigurationList;
			buildConfigurations = (
				9EFEEFD02D504C6A0028E0E3 /* Debug */,
				9EFEEFD12D504C6A0028E0E3 /* Release */,
			);
			defaultConfigurationIsVisible = 0;
			defaultConfigurationName = Release;
		};
/* End XCConfigurationList section */

/* Begin XCRemoteSwiftPackageReference section */
		9EFEEFE32D5068F60028E0E3 /* XCRemoteSwiftPackageReference "SnapKit" */ = {
			isa = XCRemoteSwiftPackageReference;
			repositoryURL = "https://github.com/SnapKit/SnapKit.git";
			requirement = {
				kind = upToNextMajorVersion;
				minimumVersion = 5.7.1;
			};
		};
		9EFEEFE82D508F950028E0E3 /* XCRemoteSwiftPackageReference "Alamofire" */ = {
			isa = XCRemoteSwiftPackageReference;
			repositoryURL = "https://github.com/Alamofire/Alamofire.git";
			requirement = {
				kind = upToNextMajorVersion;
				minimumVersion = 5.10.2;
			};
		};
/* End XCRemoteSwiftPackageReference section */

/* Begin XCSwiftPackageProductDependency section */
		9EFEEFE42D5068F60028E0E3 /* SnapKit */ = {
			isa = XCSwiftPackageProductDependency;
			package = 9EFEEFE32D5068F60028E0E3 /* XCRemoteSwiftPackageReference "SnapKit" */;
			productName = SnapKit;
		};
		9EFEEFE92D508F950028E0E3 /* Alamofire */ = {
			isa = XCSwiftPackageProductDependency;
			package = 9EFEEFE82D508F950028E0E3 /* XCRemoteSwiftPackageReference "Alamofire" */;
			productName = Alamofire;
		};
/* End XCSwiftPackageProductDependency section */
	};
	rootObject = 9EFEEFB42D504C680028E0E3 /* Project object */;
}
